{
  "name": "business-resilience-app",
  "version": "1.0.0",
  "lockfileVersion": 2,
  "requires": true,
  "packages": {
    "": {
      "name": "business-resilience-app",
      "version": "1.0.0",
      "dependencies": {
        "react": "^18.2.0",
        "react-dom": "^18.2.0",
        "lucide-react": "^0.263.0"
      },
      "devDependencies": {
        "react-scripts": "^5.0.1"
      }
    },
    "node_modules/react": {
      "version": "18.2.0",
      "resolved": "https://registry.npmjs.org/react/-/react-18.2.0.tgz",
      "integrity": "sha512-/3IjMdb2L9QbBdWiW5e3P2/npwMBaU9mHCSCUzNln0ZCYbcfTsGbTJrU/kGemdH2IWmB2ioZ+zkxtmq6g09fGQ=="
    },
    "node_modules/react-dom": {
      "version": "18.2.0",
      "resolved": "https://registry.npmjs.org/react-dom/-/react-dom-18.2.0.tgz",
      "integrity": "sha512-6IMTriUmvsjHUjNtEDudZfuDQUoWXVxKHhlEGSk81n4YFS+r/Kl99wXiwlVXtPBtJenozv2P+hxDsw9eA7Xo6g=="
    },
    "node_modules/lucide-react": {
      "version": "0.263.0",
      "resolved": "https://registry.npmjs.org/lucide-react/-/lucide-react-0.263.0.tgz",
      "integrity": "sha512-xNEDQ7cSReVQrgaedA+LYD4tanchQMcD56TFzM20OkWkCTHmMTSJlApjE1eRZ0shCOYw+zg3r/EL3P7uD7fR2hw=="
    },
    "node_modules/react-scripts": {
      "version": "5.0.1",
      "resolved": "https://registry.npmjs.org/react-scripts/-/react-scripts-5.0.1.tgz",
      "integrity": "sha512-8VAmEm/ZAwQzJ+GOMLbBsTdDKOpuZh7RPs0UymvBR2vRk4iZWCskjbFnxqjrzoIvlNNRZ3QJFx6/qDSi6zSnafg==",
      "dev": true
    }
  }
}
